
Microsoft Visual Studio Solution File, Format Version 12.00
# Visual Studio 15
VisualStudioVersion = 15.0.26730.16
MinimumVisualStudioVersion = 10.0.40219.1
Project("{FAE04EC0-301F-11D3-BF4B-00C04F79EFBC}") = "FD.Tiny.Common.Utility", "FD.Tiny.Common.Utility\FD.Tiny.Common.Utility.csproj", "{A0DC1551-5B6D-4E9E-AD5C-F622EAB67FDA}"
EndProject
Project("{FAE04EC0-301F-11D3-BF4B-00C04F79EFBC}") = "FD.Tiny.FormBuilder", "FD.Tiny.FormBuilder\FD.Tiny.FormBuilder.csproj", "{1D8E7AFD-CFD0-449C-A8DC-1DF40348C324}"
EndProject
Project("{FAE04EC0-301F-11D3-BF4B-00C04F79EFBC}") = "FD.Tiny.FormBuilder.Demo", "FD.Tiny.FormBuilder.Demo\FD.Tiny.FormBuilder.Demo.csproj", "{DD18956F-C79A-4646-991C-FDCAB746F844}"
EndProject
Project("{FAE04EC0-301F-11D3-BF4B-00C04F79EFBC}") = "FD.Tiny.FormBuilder.UTest", "FD.Tiny.FormBuilder.UTest\FD.Tiny.FormBuilder.UTest.csproj", "{B2F04E08-A265-45AD-A3F7-755E337B3B8D}"
EndProject
Project("{FAE04EC0-301F-11D3-BF4B-00C04F79EFBC}") = "FD.Tiny.ProjectBuilder", "FD.Tiny.ProjectBuilder\FD.Tiny.ProjectBuilder.csproj", "{76E13842-48D1-4CD8-B1A5-3E4370ADCD53}"
EndProject
Global
	GlobalSection(SolutionConfigurationPlatforms) = preSolution
		Debug|Any CPU = Debug|Any CPU
		Release|Any CPU = Release|Any CPU
	EndGlobalSection
	GlobalSection(ProjectConfigurationPlatforms) = postSolution
		{A0DC1551-5B6D-4E9E-AD5C-F622EAB67FDA}.Debug|Any CPU.ActiveCfg = Debug|Any CPU
		{A0DC1551-5B6D-4E9E-AD5C-F622EAB67FDA}.Debug|Any CPU.Build.0 = Debug|Any CPU
		{A0DC1551-5B6D-4E9E-AD5C-F622EAB67FDA}.Release|Any CPU.ActiveCfg = Release|Any CPU
		{A0DC1551-5B6D-4E9E-AD5C-F622EAB67FDA}.Release|Any CPU.Build.0 = Release|Any CPU
		{1D8E7AFD-CFD0-449C-A8DC-1DF40348C324}.Debug|Any CPU.ActiveCfg = Debug|Any CPU
		{1D8E7AFD-CFD0-449C-A8DC-1DF40348C324}.Debug|Any CPU.Build.0 = Debug|Any CPU
		{1D8E7AFD-CFD0-449C-A8DC-1DF40348C324}.Release|Any CPU.ActiveCfg = Release|Any CPU
		{1D8E7AFD-CFD0-449C-A8DC-1DF40348C324}.Release|Any CPU.Build.0 = Release|Any CPU
		{DD18956F-C79A-4646-991C-FDCAB746F844}.Debug|Any CPU.ActiveCfg = Debug|Any CPU
		{DD18956F-C79A-4646-991C-FDCAB746F844}.Debug|Any CPU.Build.0 = Debug|Any CPU
		{DD18956F-C79A-4646-991C-FDCAB746F844}.Release|Any CPU.ActiveCfg = Release|Any CPU
		{DD18956F-C79A-4646-991C-FDCAB746F844}.Release|Any CPU.Build.0 = Release|Any CPU
		{B2F04E08-A265-45AD-A3F7-755E337B3B8D}.Debug|Any CPU.ActiveCfg = Debug|Any CPU
		{B2F04E08-A265-45AD-A3F7-755E337B3B8D}.Debug|Any CPU.Build.0 = Debug|Any CPU
		{B2F04E08-A265-45AD-A3F7-755E337B3B8D}.Release|Any CPU.ActiveCfg = Release|Any CPU
		{B2F04E08-A265-45AD-A3F7-755E337B3B8D}.Release|Any CPU.Build.0 = Release|Any CPU
		{76E13842-48D1-4CD8-B1A5-3E4370ADCD53}.Debug|Any CPU.ActiveCfg = Debug|Any CPU
		{76E13842-48D1-4CD8-B1A5-3E4370ADCD53}.Debug|Any CPU.Build.0 = Debug|Any CPU
		{76E13842-48D1-4CD8-B1A5-3E4370ADCD53}.Release|Any CPU.ActiveCfg = Release|Any CPU
		{76E13842-48D1-4CD8-B1A5-3E4370ADCD53}.Release|Any CPU.Build.0 = Release|Any CPU
	EndGlobalSection
	GlobalSection(SolutionProperties) = preSolution
		HideSolutionNode = FALSE
	EndGlobalSection
	GlobalSection(ExtensibilityGlobals) = postSolution
		SolutionGuid = {9F3D65E8-5D2A-4BBA-B3D1-7AB9FC5D4F1F}
	EndGlobalSection
EndGlobal
